Microsoft Visual Studio Solution File, Format Version 12.00
# Visual Studio Version 16
VisualStudioVersion = 16.0.28729.10
MinimumVisualStudioVersion = 10.0.40219.1
Project("{FAE04EC0-301F-11D3-BF4B-00C04F79EFBC}") = "Xaminals.Android", "Xaminals.Android\Xaminals.Android.csproj", "{DA067342-E7FA-4C40-8809-21401D523D47}"
EndProject
Project("{9A19103F-16F7-4668-BE54-9A1E7A4F7556}") = "Xaminals", "Xaminals\Xaminals.csproj", "{CD4DE9E8-2721-47F3-BA95-999B6F75FF27}"
EndProject
Project("{9A19103F-16F7-4668-BE54-9A1E7A4F7556}") = "Xamarin.Forms.Core", "Xamarin.Forms\Xamarin.Forms.Core\Xamarin.Forms.Core.csproj", "{5A3D2EB3-8AB4-45AC-9855-4747B15D882E}"
EndProject
Project("{2150E333-8FDC-42A3-9474-1A3956D46DE8}") = "Source", "Source", "{46AB7FE9-3206-47DF-A5AD-116AEE83A3E7}"
EndProject
Project("{9A19103F-16F7-4668-BE54-9A1E7A4F7556}") = "Xamarin.Forms.CustomAttributes", "Xamarin.Forms\Xamarin.Forms.CustomAttributes\Xamarin.Forms.CustomAttributes.csproj", "{ED4942D7-FFEB-4BDD-9EF1-DEFBC1152261}"
EndProject
Project("{9A19103F-16F7-4668-BE54-9A1E7A4F7556}") = "Xamarin.Forms.Build.Tasks", "Xamarin.Forms\Xamarin.Forms.Build.Tasks\Xamarin.Forms.Build.Tasks.csproj", "{813F5736-55EF-4834-9894-A567E0F059FE}"
EndProject
Project("{9A19103F-16F7-4668-BE54-9A1E7A4F7556}") = "Xamarin.Forms.Xaml", "Xamarin.Forms\Xamarin.Forms.Xaml\Xamarin.Forms.Xaml.csproj", "{04BE4B08-C4EE-44D6-A5B7-683B498A7F83}"
EndProject
Project("{FAE04EC0-301F-11D3-BF4B-00C04F79EFBC}") = "Xamarin.Forms.Platform.Android (Forwarders)", "Xamarin.Forms\Stubs\Xamarin.Forms.Platform.Android\Xamarin.Forms.Platform.Android (Forwarders).csproj", "{6E53FEB1-1100-46AE-8013-17BBA35CC197}"
EndProject
Project("{FAE04EC0-301F-11D3-BF4B-00C04F79EFBC}") = "Xamarin.Forms.Platform.Android.FormsViewGroup", "Xamarin.Forms\Xamarin.Forms.Platform.Android.FormsViewGroup\Xamarin.Forms.Platform.Android.FormsViewGroup.csproj", "{3B72465B-ACAE-43AE-9327-10F372FE5F80}"
EndProject
Project("{FAE04EC0-301F-11D3-BF4B-00C04F79EFBC}") = "Xamarin.Forms.Platform.Android", "Xamarin.Forms\Xamarin.Forms.Platform.Android\Xamarin.Forms.Platform.Android.csproj", "{0E16E70A-D6DD-4323-AD5D-363ABFF42D6A}"
EndProject
Project("{9A19103F-16F7-4668-BE54-9A1E7A4F7556}") = "Xamarin.Forms.Platform", "Xamarin.Forms\Xamarin.Forms.Platform\Xamarin.Forms.Platform.csproj", "{E2B95819-5217-4488-90BB-0132825F1DFD}"
EndProject
Global
	GlobalSection(SolutionConfigurationPlatforms) = preSolution
		Ad-Hoc|Any CPU = Ad-Hoc|Any CPU
		Ad-Hoc|iPhone = Ad-Hoc|iPhone
		Ad-Hoc|iPhoneSimulator = Ad-Hoc|iPhoneSimulator
		AppStore|Any CPU = AppStore|Any CPU
		AppStore|iPhone = AppStore|iPhone
		AppStore|iPhoneSimulator = AppStore|iPhoneSimulator
		Debug|Any CPU = Debug|Any CPU
		Debug|iPhone = Debug|iPhone
		Debug|iPhoneSimulator = Debug|iPhoneSimulator
		Release|Any CPU = Release|Any CPU
		Release|iPhone = Release|iPhone
		Release|iPhoneSimulator = Release|iPhoneSimulator
	EndGlobalSection
	GlobalSection(ProjectConfigurationPlatforms) = postSolution
		{DA067342-E7FA-4C40-8809-21401D523D47}.Ad-Hoc|Any CPU.ActiveCfg = Release|Any CPU
		{DA067342-E7FA-4C40-8809-21401D523D47}.Ad-Hoc|Any CPU.Build.0 = Release|Any CPU
		{DA067342-E7FA-4C40-8809-21401D523D47}.Ad-Hoc|Any CPU.Deploy.0 = Release|Any CPU
		{DA067342-E7FA-4C40-8809-21401D523D47}.Ad-Hoc|iPhone.ActiveCfg = Debug|Any CPU
		{DA067342-E7FA-4C40-8809-21401D523D47}.Ad-Hoc|iPhone.Build.0 = Debug|Any CPU
		{DA067342-E7FA-4C40-8809-21401D523D47}.Ad-Hoc|iPhoneSimulator.ActiveCfg = Release|Any CPU
		{DA067342-E7FA-4C40-8809-21401D523D47}.Ad-Hoc|iPhoneSimulator.Build.0 = Release|Any CPU
		{DA067342-E7FA-4C40-8809-21401D523D47}.Ad-Hoc|iPhoneSimulator.Deploy.0 = Release|Any CPU
		{DA067342-E7FA-4C40-8809-21401D523D47}.AppStore|Any CPU.ActiveCfg = Release|Any CPU
		{DA067342-E7FA-4C40-8809-21401D523D47}.AppStore|Any CPU.Build.0 = Release|Any CPU
		{DA067342-E7FA-4C40-8809-21401D523D47}.AppStore|Any CPU.Deploy.0 = Release|Any CPU
		{DA067342-E7FA-4C40-8809-21401D523D47}.AppStore|iPhone.ActiveCfg = Debug|Any CPU
		{DA067342-E7FA-4C40-8809-21401D523D47}.AppStore|iPhone.Build.0 = Debug|Any CPU
		{DA067342-E7FA-4C40-8809-21401D523D47}.AppStore|iPhoneSimulator.ActiveCfg = Release|Any CPU
		{DA067342-E7FA-4C40-8809-21401D523D47}.AppStore|iPhoneSimulator.Build.0 = Release|Any CPU
		{DA067342-E7FA-4C40-8809-21401D523D47}.AppStore|iPhoneSimulator.Deploy.0 = Release|Any CPU
		{DA067342-E7FA-4C40-8809-21401D523D47}.Debug|Any CPU.ActiveCfg = Debug|Any CPU
		{DA067342-E7FA-4C40-8809-21401D523D47}.Debug|Any CPU.Build.0 = Debug|Any CPU
		{DA067342-E7FA-4C40-8809-21401D523D47}.Debug|iPhone.ActiveCfg = Debug|Any CPU
		{DA067342-E7FA-4C40-8809-21401D523D47}.Debug|iPhone.Build.0 = Debug|Any CPU
		{DA067342-E7FA-4C40-8809-21401D523D47}.Debug|iPhoneSimulator.ActiveCfg = Debug|Any CPU
		{DA067342-E7FA-4C40-8809-21401D523D47}.Debug|iPhoneSimulator.Build.0 = Debug|Any CPU
		{DA067342-E7FA-4C40-8809-21401D523D47}.Release|Any CPU.ActiveCfg = Release|Any CPU
		{DA067342-E7FA-4C40-8809-21401D523D47}.Release|Any CPU.Build.0 = Release|Any CPU
		{DA067342-E7FA-4C40-8809-21401D523D47}.Release|iPhone.ActiveCfg = Release|Any CPU
		{DA067342-E7FA-4C40-8809-21401D523D47}.Release|iPhone.Build.0 = Release|Any CPU
		{DA067342-E7FA-4C40-8809-21401D523D47}.Release|iPhoneSimulator.ActiveCfg = Release|Any CPU
		{DA067342-E7FA-4C40-8809-21401D523D47}.Release|iPhoneSimulator.Build.0 = Release|Any CPU
		{CD4DE9E8-2721-47F3-BA95-999B6F75FF27}.Ad-Hoc|Any CPU.ActiveCfg = Release|Any CPU
		{CD4DE9E8-2721-47F3-BA95-999B6F75FF27}.Ad-Hoc|Any CPU.Build.0 = Release|Any CPU
		{CD4DE9E8-2721-47F3-BA95-999B6F75FF27}.Ad-Hoc|iPhone.ActiveCfg = Debug|Any CPU
		{CD4DE9E8-2721-47F3-BA95-999B6F75FF27}.Ad-Hoc|iPhone.Build.0 = Debug|Any CPU
		{CD4DE9E8-2721-47F3-BA95-999B6F75FF27}.Ad-Hoc|iPhoneSimulator.ActiveCfg = Release|Any CPU
		{CD4DE9E8-2721-47F3-BA95-999B6F75FF27}.Ad-Hoc|iPhoneSimulator.Build.0 = Release|Any CPU
		{CD4DE9E8-2721-47F3-BA95-999B6F75FF27}.AppStore|Any CPU.ActiveCfg = Release|Any CPU
		{CD4DE9E8-2721-47F3-BA95-999B6F75FF27}.AppStore|Any CPU.Build.0 = Release|Any CPU
		{CD4DE9E8-2721-47F3-BA95-999B6F75FF27}.AppStore|iPhone.ActiveCfg = Debug|Any CPU
		{CD4DE9E8-2721-47F3-BA95-999B6F75FF27}.AppStore|iPhone.Build.0 = Debug|Any CPU
		{CD4DE9E8-2721-47F3-BA95-999B6F75FF27}.AppStore|iPhoneSimulator.ActiveCfg = Release|Any CPU
		{CD4DE9E8-2721-47F3-BA95-999B6F75FF27}.AppStore|iPhoneSimulator.Build.0 = Release|Any CPU
		{CD4DE9E8-2721-47F3-BA95-999B6F75FF27}.Debug|Any CPU.ActiveCfg = Debug|Any CPU
		{CD4DE9E8-2721-47F3-BA95-999B6F75FF27}.Debug|Any CPU.Build.0 = Debug|Any CPU
		{CD4DE9E8-2721-47F3-BA95-999B6F75FF27}.Debug|iPhone.ActiveCfg = Debug|Any CPU
		{CD4DE9E8-2721-47F3-BA95-999B6F75FF27}.Debug|iPhone.Build.0 = Debug|Any CPU
		{CD4DE9E8-2721-47F3-BA95-999B6F75FF27}.Debug|iPhoneSimulator.ActiveCfg = Debug|Any CPU
		{CD4DE9E8-2721-47F3-BA95-999B6F75FF27}.Debug|iPhoneSimulator.Build.0 = Debug|Any CPU
		{CD4DE9E8-2721-47F3-BA95-999B6F75FF27}.Release|Any CPU.ActiveCfg = Release|Any CPU
		{CD4DE9E8-2721-47F3-BA95-999B6F75FF27}.Release|Any CPU.Build.0 = Release|Any CPU
		{CD4DE9E8-2721-47F3-BA95-999B6F75FF27}.Release|iPhone.ActiveCfg = Release|Any CPU
		{CD4DE9E8-2721-47F3-BA95-999B6F75FF27}.Release|iPhone.Build.0 = Release|Any CPU
		{CD4DE9E8-2721-47F3-BA95-999B6F75FF27}.Release|iPhoneSimulator.ActiveCfg = Release|Any CPU
		{CD4DE9E8-2721-47F3-BA95-999B6F75FF27}.Release|iPhoneSimulator.Build.0 = Release|Any CPU
		{5A3D2EB3-8AB4-45AC-9855-4747B15D882E}.Ad-Hoc|Any CPU.ActiveCfg = Debug|Any CPU
		{5A3D2EB3-8AB4-45AC-9855-4747B15D882E}.Ad-Hoc|Any CPU.Build.0 = Debug|Any CPU
		{5A3D2EB3-8AB4-45AC-9855-4747B15D882E}.Ad-Hoc|iPhone.ActiveCfg = Debug|Any CPU
		{5A3D2EB3-8AB4-45AC-9855-4747B15D882E}.Ad-Hoc|iPhone.Build.0 = Debug|Any CPU
		{5A3D2EB3-8AB4-45AC-9855-4747B15D882E}.Ad-Hoc|iPhoneSimulator.ActiveCfg = Debug|Any CPU
		{5A3D2EB3-8AB4-45AC-9855-4747B15D882E}.Ad-Hoc|iPhoneSimulator.Build.0 = Debug|Any CPU
		{5A3D2EB3-8AB4-45AC-9855-4747B15D882E}.AppStore|Any CPU.ActiveCfg = Debug|Any CPU
		{5A3D2EB3-8AB4-45AC-9855-4747B15D882E}.AppStore|Any CPU.Build.0 = Debug|Any CPU
		{5A3D2EB3-8AB4-45AC-9855-4747B15D882E}.AppStore|iPhone.ActiveCfg = Debug|Any CPU
		{5A3D2EB3-8AB4-45AC-9855-4747B15D882E}.AppStore|iPhone.Build.0 = Debug|Any CPU
		{5A3D2EB3-8AB4-45AC-9855-4747B15D882E}.AppStore|iPhoneSimulator.ActiveCfg = Debug|Any CPU
		{5A3D2EB3-8AB4-45AC-9855-4747B15D882E}.AppStore|iPhoneSimulator.Build.0 = Debug|Any CPU
		{5A3D2EB3-8AB4-45AC-9855-4747B15D882E}.Debug|Any CPU.ActiveCfg = Debug|Any CPU
		{5A3D2EB3-8AB4-45AC-9855-4747B15D882E}.Debug|Any CPU.Build.0 = Debug|Any CPU
		{5A3D2EB3-8AB4-45AC-9855-4747B15D882E}.Debug|iPhone.ActiveCfg = Debug|Any CPU
		{5A3D2EB3-8AB4-45AC-9855-4747B15D882E}.Debug|iPhone.Build.0 = Debug|Any CPU
		{5A3D2EB3-8AB4-45AC-9855-4747B15D882E}.Debug|iPhoneSimulator.ActiveCfg = Debug|Any CPU
		{5A3D2EB3-8AB4-45AC-9855-4747B15D882E}.Debug|iPhoneSimulator.Build.0 = Debug|Any CPU
		{5A3D2EB3-8AB4-45AC-9855-4747B15D882E}.Release|Any CPU.ActiveCfg = Release|Any CPU
		{5A3D2EB3-8AB4-45AC-9855-4747B15D882E}.Release|Any CPU.Build.0 = Release|Any CPU
		{5A3D2EB3-8AB4-45AC-9855-4747B15D882E}.Release|iPhone.ActiveCfg = Release|Any CPU
		{5A3D2EB3-8AB4-45AC-9855-4747B15D882E}.Release|iPhone.Build.0 = Release|Any CPU
		{5A3D2EB3-8AB4-45AC-9855-4747B15D882E}.Release|iPhoneSimulator.ActiveCfg = Release|Any CPU
		{5A3D2EB3-8AB4-45AC-9855-4747B15D882E}.Release|iPhoneSimulator.Build.0 = Release|Any CPU
		{ED4942D7-FFEB-4BDD-9EF1-DEFBC1152261}.Ad-Hoc|Any CPU.ActiveCfg = Debug|Any CPU
		{ED4942D7-FFEB-4BDD-9EF1-DEFBC1152261}.Ad-Hoc|Any CPU.Build.0 = Debug|Any CPU
		{ED4942D7-FFEB-4BDD-9EF1-DEFBC1152261}.Ad-Hoc|iPhone.ActiveCfg = Debug|Any CPU
		{ED4942D7-FFEB-4BDD-9EF1-DEFBC1152261}.Ad-Hoc|iPhone.Build.0 = Debug|Any CPU
		{ED4942D7-FFEB-4BDD-9EF1-DEFBC1152261}.Ad-Hoc|iPhoneSimulator.ActiveCfg = Debug|Any CPU
		{ED4942D7-FFEB-4BDD-9EF1-DEFBC1152261}.Ad-Hoc|iPhoneSimulator.Build.0 = Debug|Any CPU
		{ED4942D7-FFEB-4BDD-9EF1-DEFBC1152261}.AppStore|Any CPU.ActiveCfg = Debug|Any CPU
		{ED4942D7-FFEB-4BDD-9EF1-DEFBC1152261}.AppStore|Any CPU.Build.0 = Debug|Any CPU
		{ED4942D7-FFEB-4BDD-9EF1-DEFBC1152261}.AppStore|iPhone.ActiveCfg = Debug|Any CPU
		{ED4942D7-FFEB-4BDD-9EF1-DEFBC1152261}.AppStore|iPhone.Build.0 = Debug|Any CPU
		{ED4942D7-FFEB-4BDD-9EF1-DEFBC1152261}.AppStore|iPhoneSimulator.ActiveCfg = Debug|Any CPU
		{ED4942D7-FFEB-4BDD-9EF1-DEFBC1152261}.AppStore|iPhoneSimulator.Build.0 = Debug|Any CPU
		{ED4942D7-FFEB-4BDD-9EF1-DEFBC1152261}.Debug|Any CPU.ActiveCfg = Debug|Any CPU
		{ED4942D7-FFEB-4BDD-9EF1-DEFBC1152261}.Debug|Any CPU.Build.0 = Debug|Any CPU
		{ED4942D7-FFEB-4BDD-9EF1-DEFBC1152261}.Debug|iPhone.ActiveCfg = Debug|Any CPU
		{ED4942D7-FFEB-4BDD-9EF1-DEFBC1152261}.Debug|iPhone.Build.0 = Debug|Any CPU
		{ED4942D7-FFEB-4BDD-9EF1-DEFBC1152261}.Debug|iPhoneSimulator.ActiveCfg = Debug|Any CPU
		{ED4942D7-FFEB-4BDD-9EF1-DEFBC1152261}.Debug|iPhoneSimulator.Build.0 = Debug|Any CPU
		{ED4942D7-FFEB-4BDD-9EF1-DEFBC1152261}.Release|Any CPU.ActiveCfg = Release|Any CPU
		{ED4942D7-FFEB-4BDD-9EF1-DEFBC1152261}.Release|Any CPU.Build.0 = Release|Any CPU
		{ED4942D7-FFEB-4BDD-9EF1-DEFBC1152261}.Release|iPhone.ActiveCfg = Release|Any CPU
		{ED4942D7-FFEB-4BDD-9EF1-DEFBC1152261}.Release|iPhone.Build.0 = Release|Any CPU
		{ED4942D7-FFEB-4BDD-9EF1-DEFBC1152261}.Release|iPhoneSimulator.ActiveCfg = Release|Any CPU
		{ED4942D7-FFEB-4BDD-9EF1-DEFBC1152261}.Release|iPhoneSimulator.Build.0 = Release|Any CPU
		{813F5736-55EF-4834-9894-A567E0F059FE}.Ad-Hoc|Any CPU.ActiveCfg = Release|Any CPU
		{813F5736-55EF-4834-9894-A567E0F059FE}.Ad-Hoc|Any CPU.Build.0 = Release|Any CPU
		{813F5736-55EF-4834-9894-A567E0F059FE}.Ad-Hoc|iPhone.ActiveCfg = Release|Any CPU
		{813F5736-55EF-4834-9894-A567E0F059FE}.Ad-Hoc|iPhone.Build.0 = Release|Any CPU
		{813F5736-55EF-4834-9894-A567E0F059FE}.Ad-Hoc|iPhoneSimulator.ActiveCfg = Release|Any CPU
		{813F5736-55EF-4834-9894-A567E0F059FE}.Ad-Hoc|iPhoneSimulator.Build.0 = Release|Any CPU
		{813F5736-55EF-4834-9894-A567E0F059FE}.AppStore|Any CPU.ActiveCfg = Release|Any CPU
		{813F5736-55EF-4834-9894-A567E0F059FE}.AppStore|Any CPU.Build.0 = Release|Any CPU
		{813F5736-55EF-4834-9894-A567E0F059FE}.AppStore|iPhone.ActiveCfg = Release|Any CPU
		{813F5736-55EF-4834-9894-A567E0F059FE}.AppStore|iPhone.Build.0 = Release|Any CPU
		{813F5736-55EF-4834-9894-A567E0F059FE}.AppStore|iPhoneSimulator.ActiveCfg = Release|Any CPU
		{813F5736-55EF-4834-9894-A567E0F059FE}.AppStore|iPhoneSimulator.Build.0 = Release|Any CPU
		{813F5736-55EF-4834-9894-A567E0F059FE}.Debug|Any CPU.ActiveCfg = Debug|Any CPU
		{813F5736-55EF-4834-9894-A567E0F059FE}.Debug|Any CPU.Build.0 = Debug|Any CPU
		{813F5736-55EF-4834-9894-A567E0F059FE}.Debug|iPhone.ActiveCfg = Debug|Any CPU
		{813F5736-55EF-4834-9894-A567E0F059FE}.Debug|iPhone.Build.0 = Debug|Any CPU
		{813F5736-55EF-4834-9894-A567E0F059FE}.Debug|iPhoneSimulator.ActiveCfg = Debug|Any CPU
		{813F5736-55EF-4834-9894-A567E0F059FE}.Debug|iPhoneSimulator.Build.0 = Debug|Any CPU
		{813F5736-55EF-4834-9894-A567E0F059FE}.Release|Any CPU.ActiveCfg = Release|Any CPU
		{813F5736-55EF-4834-9894-A567E0F059FE}.Release|Any CPU.Build.0 = Release|Any CPU
		{813F5736-55EF-4834-9894-A567E0F059FE}.Release|iPhone.ActiveCfg = Release|Any CPU
		{813F5736-55EF-4834-9894-A567E0F059FE}.Release|iPhone.Build.0 = Release|Any CPU
		{813F5736-55EF-4834-9894-A567E0F059FE}.Release|iPhoneSimulator.ActiveCfg = Release|Any CPU
		{813F5736-55EF-4834-9894-A567E0F059FE}.Release|iPhoneSimulator.Build.0 = Release|Any CPU
		{04BE4B08-C4EE-44D6-A5B7-683B498A7F83}.Ad-Hoc|Any CPU.ActiveCfg = Debug|Any CPU
		{04BE4B08-C4EE-44D6-A5B7-683B498A7F83}.Ad-Hoc|Any CPU.Build.0 = Debug|Any CPU
		{04BE4B08-C4EE-44D6-A5B7-683B498A7F83}.Ad-Hoc|iPhone.ActiveCfg = Debug|Any CPU
		{04BE4B08-C4EE-44D6-A5B7-683B498A7F83}.Ad-Hoc|iPhone.Build.0 = Debug|Any CPU
		{04BE4B08-C4EE-44D6-A5B7-683B498A7F83}.Ad-Hoc|iPhoneSimulator.ActiveCfg = Debug|Any CPU
		{04BE4B08-C4EE-44D6-A5B7-683B498A7F83}.Ad-Hoc|iPhoneSimulator.Build.0 = Debug|Any CPU
		{04BE4B08-C4EE-44D6-A5B7-683B498A7F83}.AppStore|Any CPU.ActiveCfg = Debug|Any CPU
		{04BE4B08-C4EE-44D6-A5B7-683B498A7F83}.AppStore|Any CPU.Build.0 = Debug|Any CPU
		{04BE4B08-C4EE-44D6-A5B7-683B498A7F83}.AppStore|iPhone.ActiveCfg = Debug|Any CPU
		{04BE4B08-C4EE-44D6-A5B7-683B498A7F83}.AppStore|iPhone.Build.0 = Debug|Any CPU
		{04BE4B08-C4EE-44D6-A5B7-683B498A7F83}.AppStore|iPhoneSimulator.ActiveCfg = Debug|Any CPU
		{04BE4B08-C4EE-44D6-A5B7-683B498A7F83}.AppStore|iPhoneSimulator.Build.0 = Debug|Any CPU
		{04BE4B08-C4EE-44D6-A5B7-683B498A7F83}.Debug|Any CPU.ActiveCfg = Debug|Any CPU
		{04BE4B08-C4EE-44D6-A5B7-683B498A7F83}.Debug|Any CPU.Build.0 = Debug|Any CPU
		{04BE4B08-C4EE-44D6-A5B7-683B498A7F83}.Debug|iPhone.ActiveCfg = Debug|Any CPU
		{04BE4B08-C4EE-44D6-A5B7-683B498A7F83}.Debug|iPhone.Build.0 = Debug|Any CPU
		{04BE4B08-C4EE-44D6-A5B7-683B498A7F83}.Debug|iPhoneSimulator.ActiveCfg = Debug|Any CPU
		{04BE4B08-C4EE-44D6-A5B7-683B498A7F83}.Debug|iPhoneSimulator.Build.0 = Debug|Any CPU
		{04BE4B08-C4EE-44D6-A5B7-683B498A7F83}.Release|Any CPU.ActiveCfg = Release|Any CPU
		{04BE4B08-C4EE-44D6-A5B7-683B498A7F83}.Release|Any CPU.Build.0 = Release|Any CPU
		{04BE4B08-C4EE-44D6-A5B7-683B498A7F83}.Release|iPhone.ActiveCfg = Release|Any CPU
		{04BE4B08-C4EE-44D6-A5B7-683B498A7F83}.Release|iPhone.Build.0 = Release|Any CPU
		{04BE4B08-C4EE-44D6-A5B7-683B498A7F83}.Release|iPhoneSimulator.ActiveCfg = Release|Any CPU
		{04BE4B08-C4EE-44D6-A5B7-683B498A7F83}.Release|iPhoneSimulator.Build.0 = Release|Any CPU
		{6E53FEB1-1100-46AE-8013-17BBA35CC197}.Ad-Hoc|Any CPU.ActiveCfg = Release|Any CPU
		{6E53FEB1-1100-46AE-8013-17BBA35CC197}.Ad-Hoc|Any CPU.Build.0 = Release|Any CPU
		{6E53FEB1-1100-46AE-8013-17BBA35CC197}.Ad-Hoc|iPhone.ActiveCfg = Release|Any CPU
		{6E53FEB1-1100-46AE-8013-17BBA35CC197}.Ad-Hoc|iPhone.Build.0 = Release|Any CPU
		{6E53FEB1-1100-46AE-8013-17BBA35CC197}.Ad-Hoc|iPhoneSimulator.ActiveCfg = Release|Any CPU
		{6E53FEB1-1100-46AE-8013-17BBA35CC197}.Ad-Hoc|iPhoneSimulator.Build.0 = Release|Any CPU
		{6E53FEB1-1100-46AE-8013-17BBA35CC197}.AppStore|Any CPU.ActiveCfg = Release|Any CPU
		{6E53FEB1-1100-46AE-8013-17BBA35CC197}.AppStore|Any CPU.Build.0 = Release|Any CPU
		{6E53FEB1-1100-46AE-8013-17BBA35CC197}.AppStore|iPhone.ActiveCfg = Release|Any CPU
		{6E53FEB1-1100-46AE-8013-17BBA35CC197}.AppStore|iPhone.Build.0 = Release|Any CPU
		{6E53FEB1-1100-46AE-8013-17BBA35CC197}.AppStore|iPhoneSimulator.ActiveCfg = Release|Any CPU
		{6E53FEB1-1100-46AE-8013-17BBA35CC197}.AppStore|iPhoneSimulator.Build.0 = Release|Any CPU
		{6E53FEB1-1100-46AE-8013-17BBA35CC197}.Debug|Any CPU.ActiveCfg = Debug|Any CPU
		{6E53FEB1-1100-46AE-8013-17BBA35CC197}.Debug|Any CPU.Build.0 = Debug|Any CPU
		{6E53FEB1-1100-46AE-8013-17BBA35CC197}.Debug|iPhone.ActiveCfg = Debug|Any CPU
		{6E53FEB1-1100-46AE-8013-17BBA35CC197}.Debug|iPhone.Build.0 = Debug|Any CPU
		{6E53FEB1-1100-46AE-8013-17BBA35CC197}.Debug|iPhoneSimulator.ActiveCfg = Debug|Any CPU
		{6E53FEB1-1100-46AE-8013-17BBA35CC197}.Debug|iPhoneSimulator.Build.0 = Debug|Any CPU
		{6E53FEB1-1100-46AE-8013-17BBA35CC197}.Release|Any CPU.ActiveCfg = Release|Any CPU
		{6E53FEB1-1100-46AE-8013-17BBA35CC197}.Release|Any CPU.Build.0 = Release|Any CPU
		{6E53FEB1-1100-46AE-8013-17BBA35CC197}.Release|iPhone.ActiveCfg = Release|Any CPU
		{6E53FEB1-1100-46AE-8013-17BBA35CC197}.Release|iPhone.Build.0 = Release|Any CPU
		{6E53FEB1-1100-46AE-8013-17BBA35CC197}.Release|iPhoneSimulator.ActiveCfg = Release|Any CPU
		{6E53FEB1-1100-46AE-8013-17BBA35CC197}.Release|iPhoneSimulator.Build.0 = Release|Any CPU
		{3B72465B-ACAE-43AE-9327-10F372FE5F80}.Ad-Hoc|Any CPU.ActiveCfg = Release|Any CPU
		{3B72465B-ACAE-43AE-9327-10F372FE5F80}.Ad-Hoc|Any CPU.Build.0 = Release|Any CPU
		{3B72465B-ACAE-43AE-9327-10F372FE5F80}.Ad-Hoc|iPhone.ActiveCfg = Release|Any CPU
		{3B72465B-ACAE-43AE-9327-10F372FE5F80}.Ad-Hoc|iPhone.Build.0 = Release|Any CPU
		{3B72465B-ACAE-43AE-9327-10F372FE5F80}.Ad-Hoc|iPhoneSimulator.ActiveCfg = Release|Any CPU
		{3B72465B-ACAE-43AE-9327-10F372FE5F80}.Ad-Hoc|iPhoneSimulator.Build.0 = Release|Any CPU
		{3B72465B-ACAE-43AE-9327-10F372FE5F80}.AppStore|Any CPU.ActiveCfg = Release|Any CPU
		{3B72465B-ACAE-43AE-9327-10F372FE5F80}.AppStore|Any CPU.Build.0 = Release|Any CPU
		{3B72465B-ACAE-43AE-9327-10F372FE5F80}.AppStore|iPhone.ActiveCfg = Release|Any CPU
		{3B72465B-ACAE-43AE-9327-10F372FE5F80}.AppStore|iPhone.Build.0 = Release|Any CPU
		{3B72465B-ACAE-43AE-9327-10F372FE5F80}.AppStore|iPhoneSimulator.ActiveCfg = Release|Any CPU
		{3B72465B-ACAE-43AE-9327-10F372FE5F80}.AppStore|iPhoneSimulator.Build.0 = Release|Any CPU
		{3B72465B-ACAE-43AE-9327-10F372FE5F80}.Debug|Any CPU.ActiveCfg = Debug|Any CPU
		{3B72465B-ACAE-43AE-9327-10F372FE5F80}.Debug|Any CPU.Build.0 = Debug|Any CPU
		{3B72465B-ACAE-43AE-9327-10F372FE5F80}.Debug|iPhone.ActiveCfg = Debug|Any CPU
		{3B72465B-ACAE-43AE-9327-10F372FE5F80}.Debug|iPhone.Build.0 = Debug|Any CPU
		{3B72465B-ACAE-43AE-9327-10F372FE5F80}.Debug|iPhoneSimulator.ActiveCfg = Debug|Any CPU
		{3B72465B-ACAE-43AE-9327-10F372FE5F80}.Debug|iPhoneSimulator.Build.0 = Debug|Any CPU
		{3B72465B-ACAE-43AE-9327-10F372FE5F80}.Release|Any CPU.ActiveCfg = Release|Any CPU
		{3B72465B-ACAE-43AE-9327-10F372FE5F80}.Release|Any CPU.Build.0 = Release|Any CPU
		{3B72465B-ACAE-43AE-9327-10F372FE5F80}.Release|iPhone.ActiveCfg = Release|Any CPU
		{3B72465B-ACAE-43AE-9327-10F372FE5F80}.Release|iPhone.Build.0 = Release|Any CPU
		{3B72465B-ACAE-43AE-9327-10F372FE5F80}.Release|iPhoneSimulator.ActiveCfg = Release|Any CPU
		{3B72465B-ACAE-43AE-9327-10F372FE5F80}.Release|iPhoneSimulator.Build.0 = Release|Any CPU
		{0E16E70A-D6DD-4323-AD5D-363ABFF42D6A}.Ad-Hoc|Any CPU.ActiveCfg = Release|Any CPU
		{0E16E70A-D6DD-4323-AD5D-363ABFF42D6A}.Ad-Hoc|Any CPU.Build.0 = Release|Any CPU
		{0E16E70A-D6DD-4323-AD5D-363ABFF42D6A}.Ad-Hoc|iPhone.ActiveCfg = Release|Any CPU
		{0E16E70A-D6DD-4323-AD5D-363ABFF42D6A}.Ad-Hoc|iPhone.Build.0 = Release|Any CPU
		{0E16E70A-D6DD-4323-AD5D-363ABFF42D6A}.Ad-Hoc|iPhoneSimulator.ActiveCfg = Release|Any CPU
		{0E16E70A-D6DD-4323-AD5D-363ABFF42D6A}.Ad-Hoc|iPhoneSimulator.Build.0 = Release|Any CPU
		{0E16E70A-D6DD-4323-AD5D-363ABFF42D6A}.AppStore|Any CPU.ActiveCfg = Release|Any CPU
		{0E16E70A-D6DD-4323-AD5D-363ABFF42D6A}.AppStore|Any CPU.Build.0 = Release|Any CPU
		{0E16E70A-D6DD-4323-AD5D-363ABFF42D6A}.AppStore|iPhone.ActiveCfg = Release|Any CPU
		{0E16E70A-D6DD-4323-AD5D-363ABFF42D6A}.AppStore|iPhone.Build.0 = Release|Any CPU
		{0E16E70A-D6DD-4323-AD5D-363ABFF42D6A}.AppStore|iPhoneSimulator.ActiveCfg = Release|Any CPU
		{0E16E70A-D6DD-4323-AD5D-363ABFF42D6A}.AppStore|iPhoneSimulator.Build.0 = Release|Any CPU
		{0E16E70A-D6DD-4323-AD5D-363ABFF42D6A}.Debug|Any CPU.ActiveCfg = Debug|Any CPU
		{0E16E70A-D6DD-4323-AD5D-363ABFF42D6A}.Debug|Any CPU.Build.0 = Debug|Any CPU
		{0E16E70A-D6DD-4323-AD5D-363ABFF42D6A}.Debug|iPhone.ActiveCfg = Debug|Any CPU
		{0E16E70A-D6DD-4323-AD5D-363ABFF42D6A}.Debug|iPhone.Build.0 = Debug|Any CPU
		{0E16E70A-D6DD-4323-AD5D-363ABFF42D6A}.Debug|iPhoneSimulator.ActiveCfg = Debug|Any CPU
		{0E16E70A-D6DD-4323-AD5D-363ABFF42D6A}.Debug|iPhoneSimulator.Build.0 = Debug|Any CPU
		{0E16E70A-D6DD-4323-AD5D-363ABFF42D6A}.Release|Any CPU.ActiveCfg = Release|Any CPU
		{0E16E70A-D6DD-4323-AD5D-363ABFF42D6A}.Release|Any CPU.Build.0 = Release|Any CPU
		{0E16E70A-D6DD-4323-AD5D-363ABFF42D6A}.Release|iPhone.ActiveCfg = Release|Any CPU
		{0E16E70A-D6DD-4323-AD5D-363ABFF42D6A}.Release|iPhone.Build.0 = Release|Any CPU
		{0E16E70A-D6DD-4323-AD5D-363ABFF42D6A}.Release|iPhoneSimulator.ActiveCfg = Release|Any CPU
		{0E16E70A-D6DD-4323-AD5D-363ABFF42D6A}.Release|iPhoneSimulator.Build.0 = Release|Any CPU
		{E2B95819-5217-4488-90BB-0132825F1DFD}.Ad-Hoc|Any CPU.ActiveCfg = Debug|Any CPU
		{E2B95819-5217-4488-90BB-0132825F1DFD}.Ad-Hoc|Any CPU.Build.0 = Debug|Any CPU
		{E2B95819-5217-4488-90BB-0132825F1DFD}.Ad-Hoc|iPhone.ActiveCfg = Debug|Any CPU
		{E2B95819-5217-4488-90BB-0132825F1DFD}.Ad-Hoc|iPhone.Build.0 = Debug|Any CPU
		{E2B95819-5217-4488-90BB-0132825F1DFD}.Ad-Hoc|iPhoneSimulator.ActiveCfg = Debug|Any CPU
		{E2B95819-5217-4488-90BB-0132825F1DFD}.Ad-Hoc|iPhoneSimulator.Build.0 = Debug|Any CPU
		{E2B95819-5217-4488-90BB-0132825F1DFD}.AppStore|Any CPU.ActiveCfg = Debug|Any CPU
		{E2B95819-5217-4488-90BB-0132825F1DFD}.AppStore|Any CPU.Build.0 = Debug|Any CPU
		{E2B95819-5217-4488-90BB-0132825F1DFD}.AppStore|iPhone.ActiveCfg = Debug|Any CPU
		{E2B95819-5217-4488-90BB-0132825F1DFD}.AppStore|iPhone.Build.0 = Debug|Any CPU
		{E2B95819-5217-4488-90BB-0132825F1DFD}.AppStore|iPhoneSimulator.ActiveCfg = Debug|Any CPU
		{E2B95819-5217-4488-90BB-0132825F1DFD}.AppStore|iPhoneSimulator.Build.0 = Debug|Any CPU
		{E2B95819-5217-4488-90BB-0132825F1DFD}.Debug|Any CPU.ActiveCfg = Debug|Any CPU
		{E2B95819-5217-4488-90BB-0132825F1DFD}.Debug|Any CPU.Build.0 = Debug|Any CPU
		{E2B95819-5217-4488-90BB-0132825F1DFD}.Debug|iPhone.ActiveCfg = Debug|Any CPU
		{E2B95819-5217-4488-90BB-0132825F1DFD}.Debug|iPhone.Build.0 = Debug|Any CPU
		{E2B95819-5217-4488-90BB-0132825F1DFD}.Debug|iPhoneSimulator.ActiveCfg = Debug|Any CPU
		{E2B95819-5217-4488-90BB-0132825F1DFD}.Debug|iPhoneSimulator.Build.0 = Debug|Any CPU
		{E2B95819-5217-4488-90BB-0132825F1DFD}.Release|Any CPU.ActiveCfg = Release|Any CPU
		{E2B95819-5217-4488-90BB-0132825F1DFD}.Release|Any CPU.Build.0 = Release|Any CPU
		{E2B95819-5217-4488-90BB-0132825F1DFD}.Release|iPhone.ActiveCfg = Release|Any CPU
		{E2B95819-5217-4488-90BB-0132825F1DFD}.Release|iPhone.Build.0 = Release|Any CPU
		{E2B95819-5217-4488-90BB-0132825F1DFD}.Release|iPhoneSimulator.ActiveCfg = Release|Any CPU
		{E2B95819-5217-4488-90BB-0132825F1DFD}.Release|iPhoneSimulator.Build.0 = Release|Any CPU
	EndGlobalSection
	GlobalSection(SolutionProperties) = preSolution
		HideSolutionNode = FALSE
	EndGlobalSection
	GlobalSection(NestedProjects) = preSolution
		{5A3D2EB3-8AB4-45AC-9855-4747B15D882E} = {46AB7FE9-3206-47DF-A5AD-116AEE83A3E7}
		{ED4942D7-FFEB-4BDD-9EF1-DEFBC1152261} = {46AB7FE9-3206-47DF-A5AD-116AEE83A3E7}
		{813F5736-55EF-4834-9894-A567E0F059FE} = {46AB7FE9-3206-47DF-A5AD-116AEE83A3E7}
		{04BE4B08-C4EE-44D6-A5B7-683B498A7F83} = {46AB7FE9-3206-47DF-A5AD-116AEE83A3E7}
		{6E53FEB1-1100-46AE-8013-17BBA35CC197} = {46AB7FE9-3206-47DF-A5AD-116AEE83A3E7}
		{3B72465B-ACAE-43AE-9327-10F372FE5F80} = {46AB7FE9-3206-47DF-A5AD-116AEE83A3E7}
		{0E16E70A-D6DD-4323-AD5D-363ABFF42D6A} = {46AB7FE9-3206-47DF-A5AD-116AEE83A3E7}
		{E2B95819-5217-4488-90BB-0132825F1DFD} = {46AB7FE9-3206-47DF-A5AD-116AEE83A3E7}
	EndGlobalSection
	GlobalSection(ExtensibilityGlobals) = postSolution
		SolutionGuid = {A341624F-77BE-4F2A-9A7A-9D34F0237697}
	EndGlobalSection
EndGlobal
